
Microsoft Visual Studio Solution File, Format Version 12.00
# Visual Studio Version 16
VisualStudioVersion = 16.0.31729.503
MinimumVisualStudioVersion = 10.0.40219.1
Project("{9A19103F-16F7-4668-BE54-9A1E7A4F7556}") = "ApiRest", "ApiRest.csproj", "{04B0C482-C50C-4053-AE57-4BE9CA461C2E}"
EndProject
Project("{2150E333-8FDC-42A3-9474-1A3956D46DE8}") = "CrossCutting", "CrossCutting", "{8225C4C1-00BF-406A-9E05-1AE5F3462417}"
EndProject
Project("{9A19103F-16F7-4668-BE54-9A1E7A4F7556}") = "Entities", "..\Entities\Entities.csproj", "{E07AC241-E42C-422D-BF9A-DC37C892EA73}"
EndProject
Project("{9A19103F-16F7-4668-BE54-9A1E7A4F7556}") = "MethodParameters", "..\MethodParameters\MethodParameters.csproj", "{2A04FD3C-9175-465B-81F7-31406178541A}"
EndProject
Project("{2150E333-8FDC-42A3-9474-1A3956D46DE8}") = "3. DataLayer", "3. DataLayer", "{C0448784-4A42-4906-9F53-C1E40698A5BB}"
EndProject
Project("{2150E333-8FDC-42A3-9474-1A3956D46DE8}") = "2. BusinessLayer", "2. BusinessLayer", "{9CBC40A7-C229-4236-8AEF-591D9CCFF159}"
EndProject
Project("{2150E333-8FDC-42A3-9474-1A3956D46DE8}") = "1. ServicesLayer", "1. ServicesLayer", "{E2C06AF1-83FF-41A5-8A33-6BE8D9A57CB5}"
EndProject
Project("{9A19103F-16F7-4668-BE54-9A1E7A4F7556}") = "Data", "..\Data\Data.csproj", "{22CA7FC5-828D-465D-A2E4-2FC92FA74777}"
EndProject
Project("{9A19103F-16F7-4668-BE54-9A1E7A4F7556}") = "DataAccess", "..\DataAccess\DataAccess.csproj", "{3BD9535C-D1AF-496B-B9D8-071A5956F687}"
EndProject
Project("{2150E333-8FDC-42A3-9474-1A3956D46DE8}") = "Informacion", "Informacion", "{3569FBEE-4B12-4254-AF99-2D17AC1E1DE1}"
	ProjectSection(SolutionItems) = preProject
		Descripcion.txt = Descripcion.txt
	EndProjectSection
EndProject
Project("{9A19103F-16F7-4668-BE54-9A1E7A4F7556}") = "Utilities", "..\Utilities\Utilities.csproj", "{81B93E37-26B5-4B55-939E-D43575C11EBF}"
EndProject
Project("{2150E333-8FDC-42A3-9474-1A3956D46DE8}") = "CustomLibraries", "CustomLibraries", "{2636234E-EDC0-47F1-83EC-2D8AC859F666}"
EndProject
Project("{2150E333-8FDC-42A3-9474-1A3956D46DE8}") = "TokenHandler", "TokenHandler", "{CB97CD06-650C-4D34-8040-F778547F438E}"
EndProject
Project("{2150E333-8FDC-42A3-9474-1A3956D46DE8}") = "2. BusinessLayer", "2. BusinessLayer", "{776D9194-3BFD-4A23-A743-E0405A8E8A0D}"
EndProject
Project("{2150E333-8FDC-42A3-9474-1A3956D46DE8}") = "3. DataLayer", "3. DataLayer", "{04E17755-2A3B-48EE-B90C-254859B39F19}"
EndProject
Project("{2150E333-8FDC-42A3-9474-1A3956D46DE8}") = "CrossCutting", "CrossCutting", "{3065B018-6F10-43C7-A708-6B603B85073F}"
EndProject
Project("{9A19103F-16F7-4668-BE54-9A1E7A4F7556}") = "TokenHandler.Entities", "..\TokenHandler.Entities\TokenHandler.Entities.csproj", "{5D65A869-500E-41A4-8F10-1F18450B99FE}"
EndProject
Project("{9A19103F-16F7-4668-BE54-9A1E7A4F7556}") = "TokenHandler.Data", "..\TokenHandler.Data\TokenHandler.Data.csproj", "{EDAE9D4A-45B1-4CF8-809E-A835A97382D0}"
EndProject
Project("{9A19103F-16F7-4668-BE54-9A1E7A4F7556}") = "TokenHandler.DataAccess", "..\TokenHandler.DataAccess\TokenHandler.DataAccess.csproj", "{792FD41A-911B-490D-BBDC-F713D57B5FDE}"
EndProject
Project("{9A19103F-16F7-4668-BE54-9A1E7A4F7556}") = "TokenHandler", "..\TokenHandler\TokenHandler.csproj", "{C8253EFA-FCA9-4930-A711-7D994A22350C}"
EndProject
Project("{9A19103F-16F7-4668-BE54-9A1E7A4F7556}") = "TokenHandler.Business", "..\TokenHandler.Business\TokenHandler.Business.csproj", "{1BF19AEF-DD6E-470B-B1A5-FD917BBFDFB1}"
EndProject
Project("{FAE04EC0-301F-11D3-BF4B-00C04F79EFBC}") = "Business", "..\Business\Business.csproj", "{F3CED11C-2593-4E94-BF99-561A2F0F1E91}"
EndProject
Global
	GlobalSection(SolutionConfigurationPlatforms) = preSolution
		Debug|Any CPU = Debug|Any CPU
		Release|Any CPU = Release|Any CPU
	EndGlobalSection
	GlobalSection(ProjectConfigurationPlatforms) = postSolution
		{04B0C482-C50C-4053-AE57-4BE9CA461C2E}.Debug|Any CPU.ActiveCfg = Debug|Any CPU
		{04B0C482-C50C-4053-AE57-4BE9CA461C2E}.Debug|Any CPU.Build.0 = Debug|Any CPU
		{04B0C482-C50C-4053-AE57-4BE9CA461C2E}.Release|Any CPU.ActiveCfg = Release|Any CPU
		{04B0C482-C50C-4053-AE57-4BE9CA461C2E}.Release|Any CPU.Build.0 = Release|Any CPU
		{E07AC241-E42C-422D-BF9A-DC37C892EA73}.Debug|Any CPU.ActiveCfg = Debug|Any CPU
		{E07AC241-E42C-422D-BF9A-DC37C892EA73}.Debug|Any CPU.Build.0 = Debug|Any CPU
		{E07AC241-E42C-422D-BF9A-DC37C892EA73}.Release|Any CPU.ActiveCfg = Release|Any CPU
		{E07AC241-E42C-422D-BF9A-DC37C892EA73}.Release|Any CPU.Build.0 = Release|Any CPU
		{2A04FD3C-9175-465B-81F7-31406178541A}.Debug|Any CPU.ActiveCfg = Debug|Any CPU
		{2A04FD3C-9175-465B-81F7-31406178541A}.Debug|Any CPU.Build.0 = Debug|Any CPU
		{2A04FD3C-9175-465B-81F7-31406178541A}.Release|Any CPU.ActiveCfg = Release|Any CPU
		{2A04FD3C-9175-465B-81F7-31406178541A}.Release|Any CPU.Build.0 = Release|Any CPU
		{22CA7FC5-828D-465D-A2E4-2FC92FA74777}.Debug|Any CPU.ActiveCfg = Debug|Any CPU
		{22CA7FC5-828D-465D-A2E4-2FC92FA74777}.Debug|Any CPU.Build.0 = Debug|Any CPU
		{22CA7FC5-828D-465D-A2E4-2FC92FA74777}.Release|Any CPU.ActiveCfg = Release|Any CPU
		{22CA7FC5-828D-465D-A2E4-2FC92FA74777}.Release|Any CPU.Build.0 = Release|Any CPU
		{3BD9535C-D1AF-496B-B9D8-071A5956F687}.Debug|Any CPU.ActiveCfg = Debug|Any CPU
		{3BD9535C-D1AF-496B-B9D8-071A5956F687}.Debug|Any CPU.Build.0 = Debug|Any CPU
		{3BD9535C-D1AF-496B-B9D8-071A5956F687}.Release|Any CPU.ActiveCfg = Release|Any CPU
		{3BD9535C-D1AF-496B-B9D8-071A5956F687}.Release|Any CPU.Build.0 = Release|Any CPU
		{81B93E37-26B5-4B55-939E-D43575C11EBF}.Debug|Any CPU.ActiveCfg = Debug|Any CPU
		{81B93E37-26B5-4B55-939E-D43575C11EBF}.Debug|Any CPU.Build.0 = Debug|Any CPU
		{81B93E37-26B5-4B55-939E-D43575C11EBF}.Release|Any CPU.ActiveCfg = Release|Any CPU
		{81B93E37-26B5-4B55-939E-D43575C11EBF}.Release|Any CPU.Build.0 = Release|Any CPU
		{5D65A869-500E-41A4-8F10-1F18450B99FE}.Debug|Any CPU.ActiveCfg = Debug|Any CPU
		{5D65A869-500E-41A4-8F10-1F18450B99FE}.Debug|Any CPU.Build.0 = Debug|Any CPU
		{5D65A869-500E-41A4-8F10-1F18450B99FE}.Release|Any CPU.ActiveCfg = Release|Any CPU
		{5D65A869-500E-41A4-8F10-1F18450B99FE}.Release|Any CPU.Build.0 = Release|Any CPU
		{EDAE9D4A-45B1-4CF8-809E-A835A97382D0}.Debug|Any CPU.ActiveCfg = Debug|Any CPU
		{EDAE9D4A-45B1-4CF8-809E-A835A97382D0}.Debug|Any CPU.Build.0 = Debug|Any CPU
		{EDAE9D4A-45B1-4CF8-809E-A835A97382D0}.Release|Any CPU.ActiveCfg = Release|Any CPU
		{EDAE9D4A-45B1-4CF8-809E-A835A97382D0}.Release|Any CPU.Build.0 = Release|Any CPU
		{792FD41A-911B-490D-BBDC-F713D57B5FDE}.Debug|Any CPU.ActiveCfg = Debug|Any CPU
		{792FD41A-911B-490D-BBDC-F713D57B5FDE}.Debug|Any CPU.Build.0 = Debug|Any CPU
		{792FD41A-911B-490D-BBDC-F713D57B5FDE}.Release|Any CPU.ActiveCfg = Release|Any CPU
		{792FD41A-911B-490D-BBDC-F713D57B5FDE}.Release|Any CPU.Build.0 = Release|Any CPU
		{C8253EFA-FCA9-4930-A711-7D994A22350C}.Debug|Any CPU.ActiveCfg = Debug|Any CPU
		{C8253EFA-FCA9-4930-A711-7D994A22350C}.Debug|Any CPU.Build.0 = Debug|Any CPU
		{C8253EFA-FCA9-4930-A711-7D994A22350C}.Release|Any CPU.ActiveCfg = Release|Any CPU
		{C8253EFA-FCA9-4930-A711-7D994A22350C}.Release|Any CPU.Build.0 = Release|Any CPU
		{1BF19AEF-DD6E-470B-B1A5-FD917BBFDFB1}.Debug|Any CPU.ActiveCfg = Debug|Any CPU
		{1BF19AEF-DD6E-470B-B1A5-FD917BBFDFB1}.Debug|Any CPU.Build.0 = Debug|Any CPU
		{1BF19AEF-DD6E-470B-B1A5-FD917BBFDFB1}.Release|Any CPU.ActiveCfg = Release|Any CPU
		{1BF19AEF-DD6E-470B-B1A5-FD917BBFDFB1}.Release|Any CPU.Build.0 = Release|Any CPU
		{F3CED11C-2593-4E94-BF99-561A2F0F1E91}.Debug|Any CPU.ActiveCfg = Debug|Any CPU
		{F3CED11C-2593-4E94-BF99-561A2F0F1E91}.Debug|Any CPU.Build.0 = Debug|Any CPU
		{F3CED11C-2593-4E94-BF99-561A2F0F1E91}.Release|Any CPU.ActiveCfg = Release|Any CPU
		{F3CED11C-2593-4E94-BF99-561A2F0F1E91}.Release|Any CPU.Build.0 = Release|Any CPU
	EndGlobalSection
	GlobalSection(SolutionProperties) = preSolution
		HideSolutionNode = FALSE
	EndGlobalSection
	GlobalSection(NestedProjects) = preSolution
		{04B0C482-C50C-4053-AE57-4BE9CA461C2E} = {E2C06AF1-83FF-41A5-8A33-6BE8D9A57CB5}
		{E07AC241-E42C-422D-BF9A-DC37C892EA73} = {8225C4C1-00BF-406A-9E05-1AE5F3462417}
		{2A04FD3C-9175-465B-81F7-31406178541A} = {8225C4C1-00BF-406A-9E05-1AE5F3462417}
		{22CA7FC5-828D-465D-A2E4-2FC92FA74777} = {C0448784-4A42-4906-9F53-C1E40698A5BB}
		{3BD9535C-D1AF-496B-B9D8-071A5956F687} = {C0448784-4A42-4906-9F53-C1E40698A5BB}
		{3569FBEE-4B12-4254-AF99-2D17AC1E1DE1} = {E2C06AF1-83FF-41A5-8A33-6BE8D9A57CB5}
		{81B93E37-26B5-4B55-939E-D43575C11EBF} = {8225C4C1-00BF-406A-9E05-1AE5F3462417}
		{CB97CD06-650C-4D34-8040-F778547F438E} = {2636234E-EDC0-47F1-83EC-2D8AC859F666}
		{776D9194-3BFD-4A23-A743-E0405A8E8A0D} = {CB97CD06-650C-4D34-8040-F778547F438E}
		{04E17755-2A3B-48EE-B90C-254859B39F19} = {CB97CD06-650C-4D34-8040-F778547F438E}
		{3065B018-6F10-43C7-A708-6B603B85073F} = {CB97CD06-650C-4D34-8040-F778547F438E}
		{5D65A869-500E-41A4-8F10-1F18450B99FE} = {3065B018-6F10-43C7-A708-6B603B85073F}
		{EDAE9D4A-45B1-4CF8-809E-A835A97382D0} = {04E17755-2A3B-48EE-B90C-254859B39F19}
		{792FD41A-911B-490D-BBDC-F713D57B5FDE} = {04E17755-2A3B-48EE-B90C-254859B39F19}
		{C8253EFA-FCA9-4930-A711-7D994A22350C} = {776D9194-3BFD-4A23-A743-E0405A8E8A0D}
		{1BF19AEF-DD6E-470B-B1A5-FD917BBFDFB1} = {776D9194-3BFD-4A23-A743-E0405A8E8A0D}
		{F3CED11C-2593-4E94-BF99-561A2F0F1E91} = {9CBC40A7-C229-4236-8AEF-591D9CCFF159}
	EndGlobalSection
	GlobalSection(ExtensibilityGlobals) = postSolution
		SolutionGuid = {7D28A0EA-BBAA-4831-A329-BE750F0AF9F3}
	EndGlobalSection
EndGlobal
